schema: '2.0'
stages:
  prepare:
    cmd: python src/components/data_ingestion.py data/data.csv
    deps:
    - path: data/data.csv
      hash: md5
      md5: 6d115d14c94179771445fc28b66232cc
      size: 56020
    - path: src/components/data_ingestion.py
      hash: md5
      md5: 39f4acaf97a0cae706a3699b00645b65
      size: 3900
    params:
      config/params.yaml:
        data.random_state: 64
        data.test_size: 0.3
    outs:
    - path: src/artifacts/processed_data.csv
      hash: md5
      md5: ce689f302060118e9582e8b6d09b6198
      size: 57021
    - path: src/artifacts/test_data.csv
      hash: md5
      md5: fcded15532190b406dce5ed3eab8e94e
      size: 17121
    - path: src/artifacts/train_data.csv
      hash: md5
      md5: e3ceb4850536d0f177764dd8a2d700dc
      size: 40020
  data_transform:
    cmd: python src/components/data_transformation.py
    deps:
    - path: src/artifacts/test_data.csv
      hash: md5
      md5: fcded15532190b406dce5ed3eab8e94e
      size: 17121
    - path: src/artifacts/train_data.csv
      hash: md5
      md5: e3ceb4850536d0f177764dd8a2d700dc
      size: 40020
    - path: src/components/data_transformation.py
      hash: md5
      md5: e9d9e31be678563d1fa367d90f1d83b2
      size: 5235
    outs:
    - path: src/artifacts/preprocessor.pkl
      hash: md5
      md5: e3cf443b29a6da6ce8e284f06ea50db2
      size: 2892
  train:
    cmd: python src/components/model_training.py
    deps:
    - path: src/components/model_training.py
      hash: md5
      md5: 360bf765c9ee03db13ceebc83bb5e1d7
      size: 9108
